// !$*UTF8*$!
{
	archiveVersion = 1;
	classes = {
	};
	objectVersion = 55;
	objects = {

/* Begin PBXBuildFile section */
		AD4DBAE7286A343100A742A8 /* MargaritasDetailViewController.swift in Sources */ = {isa = PBXBuildFile; fileRef = AD4DBAE6286A343100A742A8 /* MargaritasDetailViewController.swift */; };
		AD4DBAEB286B0AED00A742A8 /* Margarita.swift in Sources */ = {isa = PBXBuildFile; fileRef = AD4DBAEA286B0AED00A742A8 /* Margarita.swift */; };
		AD4DBAED286B0D8F00A742A8 /* NetworkManager.swift in Sources */ = {isa = PBXBuildFile; fileRef = AD4DBAEC286B0D8F00A742A8 /* NetworkManager.swift */; };
		AD4DBAF2286B88BB00A742A8 /* MargaritaViewCell.swift in Sources */ = {isa = PBXBuildFile; fileRef = AD4DBAF1286B88BB00A742A8 /* MargaritaViewCell.swift */; };
		AD7469AC286A28780060A657 /* AppDelegate.swift in Sources */ = {isa = PBXBuildFile; fileRef = AD7469AB286A28780060A657 /* AppDelegate.swift */; };
		AD7469AE286A28780060A657 /* SceneDelegate.swift in Sources */ = {isa = PBXBuildFile; fileRef = AD7469AD286A28780060A657 /* SceneDelegate.swift */; };
		AD7469B3286A28780060A657 /* Main.storyboard in Resources */ = {isa = PBXBuildFile; fileRef = AD7469B1286A28780060A657 /* Main.storyboard */; };
		AD7469B5286A28780060A657 /* Assets.xcassets in Resources */ = {isa = PBXBuildFile; fileRef = AD7469B4286A28780060A657 /* Assets.xcassets */; };
		AD7469B8286A28780060A657 /* LaunchScreen.storyboard in Resources */ = {isa = PBXBuildFile; fileRef = AD7469B6286A28780060A657 /* LaunchScreen.storyboard */; };
		ADE0FC1128746F6100B4FBE4 /* MargaritaViewController.swift in Sources */ = {isa = PBXBuildFile; fileRef = ADE0FC1028746F6100B4FBE4 /* MargaritaViewController.swift */; };
/* End PBXBuildFile section */

/* Begin PBXFileReference section */
		AD4DBAE6286A343100A742A8 /* MargaritasDetailViewController.swift */ = {isa = PBXFileReference; lastKnownFileType = sourcecode.swift; path = MargaritasDetailViewController.swift; sourceTree = "<group>"; };
		AD4DBAEA286B0AED00A742A8 /* Margarita.swift */ = {isa = PBXFileReference; lastKnownFileType = sourcecode.swift; path = Margarita.swift; sourceTree = "<group>"; };
		AD4DBAEC286B0D8F00A742A8 /* NetworkManager.swift */ = {isa = PBXFileReference; lastKnownFileType = sourcecode.swift; path = NetworkManager.swift; sourceTree = "<group>"; };
		AD4DBAF1286B88BB00A742A8 /* MargaritaViewCell.swift */ = {isa = PBXFileReference; lastKnownFileType = sourcecode.swift; path = MargaritaViewCell.swift; sourceTree = "<group>"; };
		AD7469A8286A28780060A657 /* CocktailRecipes.app */ = {isa = PBXFileReference; explicitFileType = wrapper.application; includeInIndex = 0; path = CocktailRecipes.app; sourceTree = BUILT_PRODUCTS_DIR; };
		AD7469AB286A28780060A657 /* AppDelegate.swift */ = {isa = PBXFileReference; lastKnownFileType = sourcecode.swift; path = AppDelegate.swift; sourceTree = "<group>"; };
		AD7469AD286A28780060A657 /* SceneDelegate.swift */ = {isa = PBXFileReference; lastKnownFileType = sourcecode.swift; path = SceneDelegate.swift; sourceTree = "<group>"; };
		AD7469B2286A28780060A657 /* Base */ = {isa = PBXFileReference; lastKnownFileType = file.storyboard; name = Base; path = Base.lproj/Main.storyboard; sourceTree = "<group>"; };
		AD7469B4286A28780060A657 /* Assets.xcassets */ = {isa = PBXFileReference; lastKnownFileType = folder.assetcatalog; path = Assets.xcassets; sourceTree = "<group>"; };
		AD7469B7286A28780060A657 /* Base */ = {isa = PBXFileReference; lastKnownFileType = file.storyboard; name = Base; path = Base.lproj/LaunchScreen.storyboard; sourceTree = "<group>"; };
		AD7469B9286A28780060A657 /* Info.plist */ = {isa = PBXFileReference; lastKnownFileType = text.plist.xml; path = Info.plist; sourceTree = "<group>"; };
		ADE0FC1028746F6100B4FBE4 /* MargaritaViewController.swift */ = {isa = PBXFileReference; lastKnownFileType = sourcecode.swift; path = MargaritaViewController.swift; sourceTree = "<group>"; };
/* End PBXFileReference section */

/* Begin PBXFrameworksBuildPhase section */
		AD7469A5286A28770060A657 /* Frameworks */ = {
			isa = PBXFrameworksBuildPhase;
			buildActionMask = 2147483647;
			files = (
			);
			runOnlyForDeploymentPostprocessing = 0;
		};
/* End PBXFrameworksBuildPhase section */

/* Begin PBXGroup section */
		AD4DBAF0286B889200A742A8 /* CustomUI */ = {
			isa = PBXGroup;
			children = (
				AD4DBAF1286B88BB00A742A8 /* MargaritaViewCell.swift */,
			);
			path = CustomUI;
			sourceTree = "<group>";
		};
		AD74699F286A28770060A657 = {
			isa = PBXGroup;
			children = (
				AD7469AA286A28780060A657 /* CocktailRecipes */,
				AD7469A9286A28780060A657 /* Products */,
			);
			sourceTree = "<group>";
		};
		AD7469A9286A28780060A657 /* Products */ = {
			isa = PBXGroup;
			children = (
				AD7469A8286A28780060A657 /* CocktailRecipes.app */,
			);
			name = Products;
			sourceTree = "<group>";
		};
		AD7469AA286A28780060A657 /* CocktailRecipes */ = {
			isa = PBXGroup;
			children = (
				AD4DBAF0286B889200A742A8 /* CustomUI */,
				AD7469C4286A29040060A657 /* Services */,
				AD7469C0286A28C80060A657 /* ViewControllers */,
				AD7469C3286A28FB0060A657 /* Models */,
				AD7469BF286A28BF0060A657 /* App */,
				AD7469C1286A28D60060A657 /* Storyboards */,
				AD7469C2286A28E70060A657 /* Resources */,
			);
			path = CocktailRecipes;
			sourceTree = "<group>";
		};
		AD7469BF286A28BF0060A657 /* App */ = {
			isa = PBXGroup;
			children = (
				AD7469AB286A28780060A657 /* AppDelegate.swift */,
				AD7469AD286A28780060A657 /* SceneDelegate.swift */,
				AD7469B9286A28780060A657 /* Info.plist */,
			);
			path = App;
			sourceTree = "<group>";
		};
		AD7469C0286A28C80060A657 /* ViewControllers */ = {
			isa = PBXGroup;
			children = (
				ADE0FC1028746F6100B4FBE4 /* MargaritaViewController.swift */,
				AD4DBAE6286A343100A742A8 /* MargaritasDetailViewController.swift */,
			);
			path = ViewControllers;
			sourceTree = "<group>";
		};
		AD7469C1286A28D60060A657 /* Storyboards */ = {
			isa = PBXGroup;
			children = (
				AD7469B1286A28780060A657 /* Main.storyboard */,
				AD7469B6286A28780060A657 /* LaunchScreen.storyboard */,
			);
			path = Storyboards;
			sourceTree = "<group>";
		};
		AD7469C2286A28E70060A657 /* Resources */ = {
			isa = PBXGroup;
			children = (
				AD7469B4286A28780060A657 /* Assets.xcassets */,
			);
			path = Resources;
			sourceTree = "<group>";
		};
		AD7469C3286A28FB0060A657 /* Models */ = {
			isa = PBXGroup;
			children = (
				AD4DBAEA286B0AED00A742A8 /* Margarita.swift */,
			);
			path = Models;
			sourceTree = "<group>";
		};
		AD7469C4286A29040060A657 /* Services */ = {
			isa = PBXGroup;
			children = (
				AD4DBAEC286B0D8F00A742A8 /* NetworkManager.swift */,
			);
			path = Services;
			sourceTree = "<group>";
		};
/* End PBXGroup section */

/* Begin PBXNativeTarget section */
		AD7469A7286A28770060A657 /* CocktailRecipes */ = {
			isa = PBXNativeTarget;
			buildConfigurationList = AD7469BC286A28780060A657 /* Build configuration list for PBXNativeTarget "CocktailRecipes" */;
			buildPhases = (
				AD7469A4286A28770060A657 /* Sources */,
				AD7469A5286A28770060A657 /* Frameworks */,
				AD7469A6286A28770060A657 /* Resources */,
			);
			buildRules = (
			);
			dependencies = (
			);
			name = CocktailRecipes;
			productName = CocktailRecipes;
			productReference = AD7469A8286A28780060A657 /* CocktailRecipes.app */;
			productType = "com.apple.product-type.application";
		};
/* End PBXNativeTarget section */

/* Begin PBXProject section */
		AD7469A0286A28770060A657 /* Project object */ = {
			isa = PBXProject;
			attributes = {
				BuildIndependentTargetsInParallel = 1;
				LastSwiftUpdateCheck = 1340;
				LastUpgradeCheck = 1340;
				TargetAttributes = {
					AD7469A7286A28770060A657 = {
						CreatedOnToolsVersion = 13.4.1;
					};
				};
			};
			buildConfigurationList = AD7469A3286A28770060A657 /* Build configuration list for PBXProject "CocktailRecipes" */;
			compatibilityVersion = "Xcode 13.0";
			developmentRegion = en;
			hasScannedForEncodings = 0;
			knownRegions = (
				en,
				Base,
			);
			mainGroup = AD74699F286A28770060A657;
			productRefGroup = AD7469A9286A28780060A657 /* Products */;
			projectDirPath = "";
			projectRoot = "";
			targets = (
				AD7469A7286A28770060A657 /* CocktailRecipes */,
			);
		};
/* End PBXProject section */

/* Begin PBXResourcesBuildPhase section */
		AD7469A6286A28770060A657 /* Resources */ = {
			isa = PBXResourcesBuildPhase;
			buildActionMask = 2147483647;
			files = (
				AD7469B8286A28780060A657 /* LaunchScreen.storyboard in Resources */,
				AD7469B5286A28780060A657 /* Assets.xcassets in Resources */,
				AD7469B3286A28780060A657 /* Main.storyboard in Resources */,
			);
			runOnlyForDeploymentPostprocessing = 0;
		};
/* End PBXResourcesBuildPhase section */

/* Begin PBXSourcesBuildPhase section */
		AD7469A4286A28770060A657 /* Sources */ = {
			isa = PBXSourcesBuildPhase;
			buildActionMask = 2147483647;
			files = (
				AD4DBAED286B0D8F00A742A8 /* NetworkManager.swift in Sources */,
				AD7469AC286A28780060A657 /* AppDelegate.swift in Sources */,
				AD4DBAEB286B0AED00A742A8 /* Margarita.swift in Sources */,
				AD4DBAF2286B88BB00A742A8 /* MargaritaViewCell.swift in Sources */,
				AD7469AE286A28780060A657 /* SceneDelegate.swift in Sources */,
				AD4DBAE7286A343100A742A8 /* MargaritasDetailViewController.swift in Sources */,
				ADE0FC1128746F6100B4FBE4 /* MargaritaViewController.swift in Sources */,
			);
			runOnlyForDeploymentPostprocessing = 0;
		};
/* End PBXSourcesBuildPhase section */

/* Begin PBXVariantGroup section */
		AD7469B1286A28780060A657 /* Main.storyboard */ = {
			isa = PBXVariantGroup;
			children = (
				AD7469B2286A28780060A657 /* Base */,
			);
			name = Main.storyboard;
			sourceTree = "<group>";
		};
		AD7469B6286A28780060A657 /* LaunchScreen.storyboard */ = {
			isa = PBXVariantGroup;
			children = (
				AD7469B7286A28780060A657 /* Base */,
			);
			name = LaunchScreen.storyboard;
			sourceTree = "<group>";
		};
/* End PBXVariantGroup section */

/* Begin XCBuildConfiguration section */
		AD7469BA286A28780060A657 /* Debug */ = {
			isa = XCBuildConfiguration;
			buildSettings = {
				ALWAYS_SEARCH_USER_PATHS = NO;
				CLANG_ANALYZER_NONNULL = YES;
				CLANG_ANALYZER_NUMBER_OBJECT_CONVERSION = YES_AGGRESSIVE;
				CLANG_CXX_LANGUAGE_STANDARD = "gnu++17";
				CLANG_ENABLE_MODULES = YES;
				CLANG_ENABLE_OBJC_ARC = YES;
				CLANG_ENABLE_OBJC_WEAK = YES;
				CLANG_WARN_BLOCK_CAPTURE_AUTORELEASING = YES;
				CLANG_WARN_BOOL_CONVERSION = YES;
				CLANG_WARN_COMMA = YES;
				CLANG_WARN_CONSTANT_CONVERSION = YES;
				CLANG_WARN_DEPRECATED_OBJC_IMPLEMENTATIONS = YES;
				CLANG_WARN_DIRECT_OBJC_ISA_USAGE = YES_ERROR;
				CLANG_WARN_DOCUMENTATION_COMMENTS = YES;
				CLANG_WARN_EMPTY_BODY = YES;
				CLANG_WARN_ENUM_CONVERSION = YES;
				CLANG_WARN_INFINITE_RECURSION = YES;
				CLANG_WARN_INT_CONVERSION = YES;
				CLANG_WARN_NON_LITERAL_NULL_CONVERSION = YES;
				CLANG_WARN_OBJC_IMPLICIT_RETAIN_SELF = YES;
				CLANG_WARN_OBJC_LITERAL_CONVERSION = YES;
				CLANG_WARN_OBJC_ROOT_CLASS = YES_ERROR;
				CLANG_WARN_QUOTED_INCLUDE_IN_FRAMEWORK_HEADER = YES;
				CLANG_WARN_RANGE_LOOP_ANALYSIS = YES;
				CLANG_WARN_STRICT_PROTOTYPES = YES;
				CLANG_WARN_SUSPICIOUS_MOVE = YES;
				CLANG_WARN_UNGUARDED_AVAILABILITY = YES_AGGRESSIVE;
				CLANG_WARN_UNREACHABLE_CODE = YES;
				CLANG_WARN__DUPLICATE_METHOD_MATCH = YES;
				COPY_PHASE_STRIP = NO;
				DEBUG_INFORMATION_FORMAT = dwarf;
				ENABLE_STRICT_OBJC_MSGSEND = YES;
				ENABLE_TESTABILITY = YES;
				GCC_C_LANGUAGE_STANDARD = gnu11;
				GCC_DYNAMIC_NO_PIC = NO;
				GCC_NO_COMMON_BLOCKS = YES;
				GCC_OPTIMIZATION_LEVEL = 0;
				GCC_PREPROCESSOR_DEFINITIONS = (
					"DEBUG=1",
					"$(inherited)",
				);
				GCC_WARN_64_TO_32_BIT_CONVERSION = YES;
				GCC_WARN_ABOUT_RETURN_TYPE = YES_ERROR;
				GCC_WARN_UNDECLARED_SELECTOR = YES;
				GCC_WARN_UNINITIALIZED_AUTOS = YES_AGGRESSIVE;
				GCC_WARN_UNUSED_FUNCTION = YES;
				GCC_WARN_UNUSED_VARIABLE = YES;
				IPHONEOS_DEPLOYMENT_TARGET = 15.5;
				MTL_ENABLE_DEBUG_INFO = INCLUDE_SOURCE;
				MTL_FAST_MATH = YES;
				ONLY_ACTIVE_ARCH = YES;
				SDKROOT = iphoneos;
				SWIFT_ACTIVE_COMPILATION_CONDITIONS = DEBUG;
				SWIFT_OPTIMIZATION_LEVEL = "-Onone";
			};
			name = Debug;
		};
		AD7469BB286A28780060A657 /* Release */ = {
			isa = XCBuildConfiguration;
			buildSettings = {
				ALWAYS_SEARCH_USER_PATHS = NO;
				CLANG_ANALYZER_NONNULL = YES;
				CLANG_ANALYZER_NUMBER_OBJECT_CONVERSION = YES_AGGRESSIVE;
				CLANG_CXX_LANGUAGE_STANDARD = "gnu++17";
				CLANG_ENABLE_MODULES = YES;
				CLANG_ENABLE_OBJC_ARC = YES;
				CLANG_ENABLE_OBJC_WEAK = YES;
				CLANG_WARN_BLOCK_CAPTURE_AUTORELEASING = YES;
				CLANG_WARN_BOOL_CONVERSION = YES;
				CLANG_WARN_COMMA = YES;
				CLANG_WARN_CONSTANT_CONVERSION = YES;
				CLANG_WARN_DEPRECATED_OBJC_IMPLEMENTATIONS = YES;
				CLANG_WARN_DIRECT_OBJC_ISA_USAGE = YES_ERROR;
				CLANG_WARN_DOCUMENTATION_COMMENTS = YES;
				CLANG_WARN_EMPTY_BODY = YES;
				CLANG_WARN_ENUM_CONVERSION = YES;
				CLANG_WARN_INFINITE_RECURSION = YES;
				CLANG_WARN_INT_CONVERSION = YES;
				CLANG_WARN_NON_LITERAL_NULL_CONVERSION = YES;
				CLANG_WARN_OBJC_IMPLICIT_RETAIN_SELF = YES;
				CLANG_WARN_OBJC_LITERAL_CONVERSION = YES;
				CLANG_WARN_OBJC_ROOT_CLASS = YES_ERROR;
				CLANG_WARN_QUOTED_INCLUDE_IN_FRAMEWORK_HEADER = YES;
				CLANG_WARN_RANGE_LOOP_ANALYSIS = YES;
				CLANG_WARN_STRICT_PROTOTYPES = YES;
				CLANG_WARN_SUSPICIOUS_MOVE = YES;
				CLANG_WARN_UNGUARDED_AVAILABILITY = YES_AGGRESSIVE;
				CLANG_WARN_UNREACHABLE_CODE = YES;
				CLANG_WARN__DUPLICATE_METHOD_MATCH = YES;
				COPY_PHASE_STRIP = NO;
				DEBUG_INFORMATION_FORMAT = "dwarf-with-dsym";
				ENABLE_NS_ASSERTIONS = NO;
				ENABLE_STRICT_OBJC_MSGSEND = YES;
				GCC_C_LANGUAGE_STANDARD = gnu11;
				GCC_NO_COMMON_BLOCKS = YES;
				GCC_WARN_64_TO_32_BIT_CONVERSION = YES;
				GCC_WARN_ABOUT_RETURN_TYPE = YES_ERROR;
				GCC_WARN_UNDECLARED_SELECTOR = YES;
				GCC_WARN_UNINITIALIZED_AUTOS = YES_AGGRESSIVE;
				GCC_WARN_UNUSED_FUNCTION = YES;
				GCC_WARN_UNUSED_VARIABLE = YES;
				IPHONEOS_DEPLOYMENT_TARGET = 15.5;
				MTL_ENABLE_DEBUG_INFO = NO;
				MTL_FAST_MATH = YES;
				SDKROOT = iphoneos;
				SWIFT_COMPILATION_MODE = wholemodule;
				SWIFT_OPTIMIZATION_LEVEL = "-O";
				VALIDATE_PRODUCT = YES;
			};
			name = Release;
		};
		AD7469BD286A28780060A657 /* Debug */ = {
			isa = XCBuildConfiguration;
			buildSettings = {
				ASSETCATALOG_COMPILER_APPICON_NAME = AppIcon;
				ASSETCATALOG_COMPILER_GLOBAL_ACCENT_COLOR_NAME = AccentColor;
				CODE_SIGN_STYLE = Automatic;
				CURRENT_PROJECT_VERSION = 1;
				GENERATE_INFOPLIST_FILE = YES;
				INFOPLIST_FILE = CocktailRecipes/App/Info.plist;
				INFOPLIST_KEY_UIApplicationSupportsIndirectInputEvents = YES;
				INFOPLIST_KEY_UILaunchStoryboardName = LaunchScreen;
				INFOPLIST_KEY_UIMainStoryboardFile = Main;
				INFOPLIST_KEY_UISupportedInterfaceOrientations_iPad = "UIInterfaceOrientationPortrait UIInterfaceOrientationPortraitUpsideDown UIInterfaceOrientationLandscapeLeft UIInterfaceOrientationLandscapeRight";
				INFOPLIST_KEY_UISupportedInterfaceOrientations_iPhone = "UIInterfaceOrientationPortrait UIInterfaceOrientationLandscapeLeft UIInterfaceOrientationLandscapeRight";
				LD_RUNPATH_SEARCH_PATHS = (
					"$(inherited)",
					"@executable_path/Frameworks",
				);
				MARKETING_VERSION = 1.0;
				PRODUCT_BUNDLE_IDENTIFIER = MaximovNick.CocktailRecipes;
				PRODUCT_NAME = "$(TARGET_NAME)";
				SWIFT_EMIT_LOC_STRINGS = YES;
				SWIFT_VERSION = 5.0;
				TARGETED_DEVICE_FAMILY = 1;
			};
			name = Debug;
		};
		AD7469BE286A28780060A657 /* Release */ = {
			isa = XCBuildConfiguration;
			buildSettings = {
				ASSETCATALOG_COMPILER_APPICON_NAME = AppIcon;
				ASSETCATALOG_COMPILER_GLOBAL_ACCENT_COLOR_NAME = AccentColor;
				CODE_SIGN_STYLE = Automatic;
				CURRENT_PROJECT_VERSION = 1;
				GENERATE_INFOPLIST_FILE = YES;
				INFOPLIST_FILE = CocktailRecipes/App/Info.plist;
				INFOPLIST_KEY_UIApplicationSupportsIndirectInputEvents = YES;
				INFOPLIST_KEY_UILaunchStoryboardName = LaunchScreen;
				INFOPLIST_KEY_UIMainStoryboardFile = Main;
				INFOPLIST_KEY_UISupportedInterfaceOrientations_iPad = "UIInterfaceOrientationPortrait UIInterfaceOrientationPortraitUpsideDown UIInterfaceOrientationLandscapeLeft UIInterfaceOrientationLandscapeRight";
				INFOPLIST_KEY_UISupportedInterfaceOrientations_iPhone = "UIInterfaceOrientationPortrait UIInterfaceOrientationLandscapeLeft UIInterfaceOrientationLandscapeRight";
				LD_RUNPATH_SEARCH_PATHS = (
					"$(inherited)",
					"@executable_path/Frameworks",
				);
				MARKETING_VERSION = 1.0;
				PRODUCT_BUNDLE_IDENTIFIER = MaximovNick.CocktailRecipes;
				PRODUCT_NAME = "$(TARGET_NAME)";
				SWIFT_EMIT_LOC_STRINGS = YES;
				SWIFT_VERSION = 5.0;
				TARGETED_DEVICE_FAMILY = 1;
			};
			name = Release;
		};
/* End XCBuildConfiguration section */

/* Begin XCConfigurationList section */
		AD7469A3286A28770060A657 /* Build configuration list for PBXProject "CocktailRecipes" */ = {
			isa = XCConfigurationList;
			buildConfigurations = (
				AD7469BA286A28780060A657 /* Debug */,
				AD7469BB286A28780060A657 /* Release */,
			);
			defaultConfigurationIsVisible = 0;
			defaultConfigurationName = Release;
		};
		AD7469BC286A28780060A657 /* Build configuration list for PBXNativeTarget "CocktailRecipes" */ = {
			isa = XCConfigurationList;
			buildConfigurations = (
				AD7469BD286A28780060A657 /* Debug */,
				AD7469BE286A28780060A657 /* Release */,
			);
			defaultConfigurationIsVisible = 0;
			defaultConfigurationName = Release;
		};
/* End XCConfigurationList section */
	};
	rootObject = AD7469A0286A28770060A657 /* Project object */;
}
